
Microsoft Visual Studio Solution File, Format Version 12.00
# Visual Studio 2013
VisualStudioVersion = 12.0.30723.0
MinimumVisualStudioVersion = 10.0.40219.1
Project("{8BC9CEB8-8B4A-11D0-8D11-00A0C91BC942}") = "common", "common\common.vcxproj", "{A638B045-0117-438F-9FB3-7F46E506492B}"
EndProject
Project("{8BC9CEB8-8B4A-11D0-8D11-00A0C91BC942}") = "glfwTest", "glfwTest\glfwTest.vcxproj", "{513C8F36-1444-48E5-BB0E-0641B6119933}"
EndProject
Project("{8BC9CEB8-8B4A-11D0-8D11-00A0C91BC942}") = "OpenmeshTest", "OpenmeshTest\OpenmeshTest.vcxproj", "{86A26A3A-35EE-4AB4-97AC-4BC018891F3E}"
EndProject
Global
	GlobalSection(SolutionConfigurationPlatforms) = preSolution
		Debug|Win32 = Debug|Win32
		new release|Win32 = new release|Win32
		Release|Win32 = Release|Win32
	EndGlobalSection
	GlobalSection(ProjectConfigurationPlatforms) = postSolution
		{A638B045-0117-438F-9FB3-7F46E506492B}.Debug|Win32.ActiveCfg = Debug|Win32
		{A638B045-0117-438F-9FB3-7F46E506492B}.Debug|Win32.Build.0 = Debug|Win32
		{A638B045-0117-438F-9FB3-7F46E506492B}.new release|Win32.ActiveCfg = new release|Win32
		{A638B045-0117-438F-9FB3-7F46E506492B}.new release|Win32.Build.0 = new release|Win32
		{A638B045-0117-438F-9FB3-7F46E506492B}.Release|Win32.ActiveCfg = Release|Win32
		{A638B045-0117-438F-9FB3-7F46E506492B}.Release|Win32.Build.0 = Release|Win32
		{513C8F36-1444-48E5-BB0E-0641B6119933}.Debug|Win32.ActiveCfg = Debug|Win32
		{513C8F36-1444-48E5-BB0E-0641B6119933}.Debug|Win32.Build.0 = Debug|Win32
		{513C8F36-1444-48E5-BB0E-0641B6119933}.new release|Win32.ActiveCfg = new release|Win32
		{513C8F36-1444-48E5-BB0E-0641B6119933}.new release|Win32.Build.0 = new release|Win32
		{513C8F36-1444-48E5-BB0E-0641B6119933}.Release|Win32.ActiveCfg = Release|Win32
		{513C8F36-1444-48E5-BB0E-0641B6119933}.Release|Win32.Build.0 = Release|Win32
		{86A26A3A-35EE-4AB4-97AC-4BC018891F3E}.Debug|Win32.ActiveCfg = Debug|Win32
		{86A26A3A-35EE-4AB4-97AC-4BC018891F3E}.Debug|Win32.Build.0 = Debug|Win32
		{86A26A3A-35EE-4AB4-97AC-4BC018891F3E}.new release|Win32.ActiveCfg = Release|Win32
		{86A26A3A-35EE-4AB4-97AC-4BC018891F3E}.new release|Win32.Build.0 = Release|Win32
		{86A26A3A-35EE-4AB4-97AC-4BC018891F3E}.Release|Win32.ActiveCfg = Release|Win32
		{86A26A3A-35EE-4AB4-97AC-4BC018891F3E}.Release|Win32.Build.0 = Release|Win32
	EndGlobalSection
	GlobalSection(SolutionProperties) = preSolution
		HideSolutionNode = FALSE
	EndGlobalSection
EndGlobal
